<?xml version="1.0" encoding="UTF-8"?>
<CodeBlocks_project_file>
	<FileVersion major="1" minor="6"/>
	<Project>
		<Option title="hatschet"/>
		<Option makefile_is_custom="1"/>
		<Option compiler="gcc"/>
		<Option virtualFolders="CMake Files\;CMake Files\..\;CMake Files\..\z3_install\;CMake Files\..\z3_install\usr\;CMake Files\..\z3_install\usr\local\;CMake Files\..\z3_install\usr\local\lib64\;CMake Files\..\z3_install\usr\local\lib64\cmake\;CMake Files\..\z3_install\usr\local\lib64\cmake\z3\;"/>
		<Build>
			<Target title="all">
				<Option working_dir="/home/bkessler/Repositories/hatschet"/>
				<Option type="4"/>
				<MakeCommands>
					<Build command="/usr/bin/gmake -f &quot;/home/bkessler/Repositories/hatschet/Makefile&quot;  VERBOSE=1 all"/>
					<CompileFile command="/usr/bin/gmake -f &quot;/home/bkessler/Repositories/hatschet/Makefile&quot;  VERBOSE=1 &quot;$file&quot;"/>
					<Clean command="/usr/bin/gmake -f &quot;/home/bkessler/Repositories/hatschet/Makefile&quot;  VERBOSE=1 clean"/>
					<DistClean command="/usr/bin/gmake -f &quot;/home/bkessler/Repositories/hatschet/Makefile&quot;  VERBOSE=1 clean"/>
				</MakeCommands>
			</Target>
			<Target title="install/strip">
				<Option working_dir="/home/bkessler/Repositories/hatschet"/>
				<Option type="4"/>
				<MakeCommands>
					<Build command="/usr/bin/gmake -f &quot;/home/bkessler/Repositories/hatschet/Makefile&quot;  VERBOSE=1 install/strip"/>
					<CompileFile command="/usr/bin/gmake -f &quot;/home/bkessler/Repositories/hatschet/Makefile&quot;  VERBOSE=1 &quot;$file&quot;"/>
					<Clean command="/usr/bin/gmake -f &quot;/home/bkessler/Repositories/hatschet/Makefile&quot;  VERBOSE=1 clean"/>
					<DistClean command="/usr/bin/gmake -f &quot;/home/bkessler/Repositories/hatschet/Makefile&quot;  VERBOSE=1 clean"/>
				</MakeCommands>
			</Target>
			<Target title="install/local">
				<Option working_dir="/home/bkessler/Repositories/hatschet"/>
				<Option type="4"/>
				<MakeCommands>
					<Build command="/usr/bin/gmake -f &quot;/home/bkessler/Repositories/hatschet/Makefile&quot;  VERBOSE=1 install/local"/>
					<CompileFile command="/usr/bin/gmake -f &quot;/home/bkessler/Repositories/hatschet/Makefile&quot;  VERBOSE=1 &quot;$file&quot;"/>
					<Clean command="/usr/bin/gmake -f &quot;/home/bkessler/Repositories/hatschet/Makefile&quot;  VERBOSE=1 clean"/>
					<DistClean command="/usr/bin/gmake -f &quot;/home/bkessler/Repositories/hatschet/Makefile&quot;  VERBOSE=1 clean"/>
				</MakeCommands>
			</Target>
			<Target title="install">
				<Option working_dir="/home/bkessler/Repositories/hatschet"/>
				<Option type="4"/>
				<MakeCommands>
					<Build command="/usr/bin/gmake -f &quot;/home/bkessler/Repositories/hatschet/Makefile&quot;  VERBOSE=1 install"/>
					<CompileFile command="/usr/bin/gmake -f &quot;/home/bkessler/Repositories/hatschet/Makefile&quot;  VERBOSE=1 &quot;$file&quot;"/>
					<Clean command="/usr/bin/gmake -f &quot;/home/bkessler/Repositories/hatschet/Makefile&quot;  VERBOSE=1 clean"/>
					<DistClean command="/usr/bin/gmake -f &quot;/home/bkessler/Repositories/hatschet/Makefile&quot;  VERBOSE=1 clean"/>
				</MakeCommands>
			</Target>
			<Target title="list_install_components">
				<Option working_dir="/home/bkessler/Repositories/hatschet"/>
				<Option type="4"/>
				<MakeCommands>
					<Build command="/usr/bin/gmake -f &quot;/home/bkessler/Repositories/hatschet/Makefile&quot;  VERBOSE=1 list_install_components"/>
					<CompileFile command="/usr/bin/gmake -f &quot;/home/bkessler/Repositories/hatschet/Makefile&quot;  VERBOSE=1 &quot;$file&quot;"/>
					<Clean command="/usr/bin/gmake -f &quot;/home/bkessler/Repositories/hatschet/Makefile&quot;  VERBOSE=1 clean"/>
					<DistClean command="/usr/bin/gmake -f &quot;/home/bkessler/Repositories/hatschet/Makefile&quot;  VERBOSE=1 clean"/>
				</MakeCommands>
			</Target>
			<Target title="edit_cache">
				<Option working_dir="/home/bkessler/Repositories/hatschet"/>
				<Option type="4"/>
				<MakeCommands>
					<Build command="/usr/bin/gmake -f &quot;/home/bkessler/Repositories/hatschet/Makefile&quot;  VERBOSE=1 edit_cache"/>
					<CompileFile command="/usr/bin/gmake -f &quot;/home/bkessler/Repositories/hatschet/Makefile&quot;  VERBOSE=1 &quot;$file&quot;"/>
					<Clean command="/usr/bin/gmake -f &quot;/home/bkessler/Repositories/hatschet/Makefile&quot;  VERBOSE=1 clean"/>
					<DistClean command="/usr/bin/gmake -f &quot;/home/bkessler/Repositories/hatschet/Makefile&quot;  VERBOSE=1 clean"/>
				</MakeCommands>
			</Target>
			<Target title="hatschet">
				<Option output="/home/bkessler/Repositories/hatschet/libhatschet.a" prefix_auto="0" extension_auto="0"/>
				<Option working_dir="/home/bkessler/Repositories/hatschet"/>
				<Option object_output="./"/>
				<Option type="2"/>
				<Option compiler="gcc"/>
				<Compiler>
					<Add option="-DUSE_SCALP"/>
					<Add option="-DUSE_XERCESC"/>
					<Add option="-DUSE_CADICAL"/>
					<Add option="-DUSE_Z3"/>
					<Add directory="/home/bkessler/Repositories/hatschet/src"/>
					<Add directory="/opt/scalp/include"/>
					<Add directory="/opt/cadical/include"/>
					<Add directory="/home/bkessler/Repositories/z3_install/usr/local/include"/>
				</Compiler>
				<MakeCommands>
					<Build command="/usr/bin/gmake -f &quot;/home/bkessler/Repositories/hatschet/Makefile&quot;  VERBOSE=1 hatschet"/>
					<CompileFile command="/usr/bin/gmake -f &quot;/home/bkessler/Repositories/hatschet/Makefile&quot;  VERBOSE=1 &quot;$file&quot;"/>
					<Clean command="/usr/bin/gmake -f &quot;/home/bkessler/Repositories/hatschet/Makefile&quot;  VERBOSE=1 clean"/>
					<DistClean command="/usr/bin/gmake -f &quot;/home/bkessler/Repositories/hatschet/Makefile&quot;  VERBOSE=1 clean"/>
				</MakeCommands>
			</Target>
			<Target title="hatschet/fast">
				<Option output="/home/bkessler/Repositories/hatschet/libhatschet.a" prefix_auto="0" extension_auto="0"/>
				<Option working_dir="/home/bkessler/Repositories/hatschet"/>
				<Option object_output="./"/>
				<Option type="2"/>
				<Option compiler="gcc"/>
				<Compiler>
					<Add option="-DUSE_SCALP"/>
					<Add option="-DUSE_XERCESC"/>
					<Add option="-DUSE_CADICAL"/>
					<Add option="-DUSE_Z3"/>
					<Add directory="/home/bkessler/Repositories/hatschet/src"/>
					<Add directory="/opt/scalp/include"/>
					<Add directory="/opt/cadical/include"/>
					<Add directory="/home/bkessler/Repositories/z3_install/usr/local/include"/>
				</Compiler>
				<MakeCommands>
					<Build command="/usr/bin/gmake -f &quot;/home/bkessler/Repositories/hatschet/Makefile&quot;  VERBOSE=1 hatschet/fast"/>
					<CompileFile command="/usr/bin/gmake -f &quot;/home/bkessler/Repositories/hatschet/Makefile&quot;  VERBOSE=1 &quot;$file&quot;"/>
					<Clean command="/usr/bin/gmake -f &quot;/home/bkessler/Repositories/hatschet/Makefile&quot;  VERBOSE=1 clean"/>
					<DistClean command="/usr/bin/gmake -f &quot;/home/bkessler/Repositories/hatschet/Makefile&quot;  VERBOSE=1 clean"/>
				</MakeCommands>
			</Target>
			<Target title="rebuild_cache">
				<Option working_dir="/home/bkessler/Repositories/hatschet"/>
				<Option type="4"/>
				<MakeCommands>
					<Build command="/usr/bin/gmake -f &quot;/home/bkessler/Repositories/hatschet/Makefile&quot;  VERBOSE=1 rebuild_cache"/>
					<CompileFile command="/usr/bin/gmake -f &quot;/home/bkessler/Repositories/hatschet/Makefile&quot;  VERBOSE=1 &quot;$file&quot;"/>
					<Clean command="/usr/bin/gmake -f &quot;/home/bkessler/Repositories/hatschet/Makefile&quot;  VERBOSE=1 clean"/>
					<DistClean command="/usr/bin/gmake -f &quot;/home/bkessler/Repositories/hatschet/Makefile&quot;  VERBOSE=1 clean"/>
				</MakeCommands>
			</Target>
			<Target title="example-bin">
				<Option output="/home/bkessler/Repositories/hatschet/example-bin" prefix_auto="0" extension_auto="0"/>
				<Option working_dir="/home/bkessler/Repositories/hatschet"/>
				<Option object_output="./"/>
				<Option type="1"/>
				<Option compiler="gcc"/>
				<Compiler>
					<Add option="-DUSE_SCALP"/>
					<Add option="-DUSE_XERCESC"/>
					<Add option="-DUSE_CADICAL"/>
					<Add option="-DUSE_Z3"/>
					<Add directory="/home/bkessler/Repositories/hatschet/src"/>
					<Add directory="/opt/scalp/include"/>
					<Add directory="/opt/cadical/include"/>
					<Add directory="/home/bkessler/Repositories/z3_install/usr/local/include"/>
				</Compiler>
				<MakeCommands>
					<Build command="/usr/bin/gmake -f &quot;/home/bkessler/Repositories/hatschet/Makefile&quot;  VERBOSE=1 example-bin"/>
					<CompileFile command="/usr/bin/gmake -f &quot;/home/bkessler/Repositories/hatschet/Makefile&quot;  VERBOSE=1 &quot;$file&quot;"/>
					<Clean command="/usr/bin/gmake -f &quot;/home/bkessler/Repositories/hatschet/Makefile&quot;  VERBOSE=1 clean"/>
					<DistClean command="/usr/bin/gmake -f &quot;/home/bkessler/Repositories/hatschet/Makefile&quot;  VERBOSE=1 clean"/>
				</MakeCommands>
			</Target>
			<Target title="example-bin/fast">
				<Option output="/home/bkessler/Repositories/hatschet/example-bin" prefix_auto="0" extension_auto="0"/>
				<Option working_dir="/home/bkessler/Repositories/hatschet"/>
				<Option object_output="./"/>
				<Option type="1"/>
				<Option compiler="gcc"/>
				<Compiler>
					<Add option="-DUSE_SCALP"/>
					<Add option="-DUSE_XERCESC"/>
					<Add option="-DUSE_CADICAL"/>
					<Add option="-DUSE_Z3"/>
					<Add directory="/home/bkessler/Repositories/hatschet/src"/>
					<Add directory="/opt/scalp/include"/>
					<Add directory="/opt/cadical/include"/>
					<Add directory="/home/bkessler/Repositories/z3_install/usr/local/include"/>
				</Compiler>
				<MakeCommands>
					<Build command="/usr/bin/gmake -f &quot;/home/bkessler/Repositories/hatschet/Makefile&quot;  VERBOSE=1 example-bin/fast"/>
					<CompileFile command="/usr/bin/gmake -f &quot;/home/bkessler/Repositories/hatschet/Makefile&quot;  VERBOSE=1 &quot;$file&quot;"/>
					<Clean command="/usr/bin/gmake -f &quot;/home/bkessler/Repositories/hatschet/Makefile&quot;  VERBOSE=1 clean"/>
					<DistClean command="/usr/bin/gmake -f &quot;/home/bkessler/Repositories/hatschet/Makefile&quot;  VERBOSE=1 clean"/>
				</MakeCommands>
			</Target>
			<Target title="hatschet-bin">
				<Option output="/home/bkessler/Repositories/hatschet/hatschet" prefix_auto="0" extension_auto="0"/>
				<Option working_dir="/home/bkessler/Repositories/hatschet"/>
				<Option object_output="./"/>
				<Option type="1"/>
				<Option compiler="gcc"/>
				<Compiler>
					<Add option="-DUSE_SCALP"/>
					<Add option="-DUSE_XERCESC"/>
					<Add option="-DUSE_CADICAL"/>
					<Add option="-DUSE_Z3"/>
					<Add directory="/home/bkessler/Repositories/hatschet/src"/>
					<Add directory="/opt/scalp/include"/>
					<Add directory="/opt/cadical/include"/>
					<Add directory="/home/bkessler/Repositories/z3_install/usr/local/include"/>
				</Compiler>
				<MakeCommands>
					<Build command="/usr/bin/gmake -f &quot;/home/bkessler/Repositories/hatschet/Makefile&quot;  VERBOSE=1 hatschet-bin"/>
					<CompileFile command="/usr/bin/gmake -f &quot;/home/bkessler/Repositories/hatschet/Makefile&quot;  VERBOSE=1 &quot;$file&quot;"/>
					<Clean command="/usr/bin/gmake -f &quot;/home/bkessler/Repositories/hatschet/Makefile&quot;  VERBOSE=1 clean"/>
					<DistClean command="/usr/bin/gmake -f &quot;/home/bkessler/Repositories/hatschet/Makefile&quot;  VERBOSE=1 clean"/>
				</MakeCommands>
			</Target>
			<Target title="hatschet-bin/fast">
				<Option output="/home/bkessler/Repositories/hatschet/hatschet" prefix_auto="0" extension_auto="0"/>
				<Option working_dir="/home/bkessler/Repositories/hatschet"/>
				<Option object_output="./"/>
				<Option type="1"/>
				<Option compiler="gcc"/>
				<Compiler>
					<Add option="-DUSE_SCALP"/>
					<Add option="-DUSE_XERCESC"/>
					<Add option="-DUSE_CADICAL"/>
					<Add option="-DUSE_Z3"/>
					<Add directory="/home/bkessler/Repositories/hatschet/src"/>
					<Add directory="/opt/scalp/include"/>
					<Add directory="/opt/cadical/include"/>
					<Add directory="/home/bkessler/Repositories/z3_install/usr/local/include"/>
				</Compiler>
				<MakeCommands>
					<Build command="/usr/bin/gmake -f &quot;/home/bkessler/Repositories/hatschet/Makefile&quot;  VERBOSE=1 hatschet-bin/fast"/>
					<CompileFile command="/usr/bin/gmake -f &quot;/home/bkessler/Repositories/hatschet/Makefile&quot;  VERBOSE=1 &quot;$file&quot;"/>
					<Clean command="/usr/bin/gmake -f &quot;/home/bkessler/Repositories/hatschet/Makefile&quot;  VERBOSE=1 clean"/>
					<DistClean command="/usr/bin/gmake -f &quot;/home/bkessler/Repositories/hatschet/Makefile&quot;  VERBOSE=1 clean"/>
				</MakeCommands>
			</Target>
			<Target title="test">
				<Option working_dir="/home/bkessler/Repositories/hatschet"/>
				<Option type="4"/>
				<MakeCommands>
					<Build command="/usr/bin/gmake -f &quot;/home/bkessler/Repositories/hatschet/Makefile&quot;  VERBOSE=1 test"/>
					<CompileFile command="/usr/bin/gmake -f &quot;/home/bkessler/Repositories/hatschet/Makefile&quot;  VERBOSE=1 &quot;$file&quot;"/>
					<Clean command="/usr/bin/gmake -f &quot;/home/bkessler/Repositories/hatschet/Makefile&quot;  VERBOSE=1 clean"/>
					<DistClean command="/usr/bin/gmake -f &quot;/home/bkessler/Repositories/hatschet/Makefile&quot;  VERBOSE=1 clean"/>
				</MakeCommands>
			</Target>
		</Build>
		<Unit filename="/home/bkessler/Repositories/hatschet/example/example.cpp">
			<Option target="example-bin"/>
		</Unit>
		<Unit filename="/home/bkessler/Repositories/hatschet/src/HatScheT/Edge.cpp">
			<Option target="hatschet"/>
		</Unit>
		<Unit filename="/home/bkessler/Repositories/hatschet/src/HatScheT/Edge.h">
			<Option target="hatschet"/>
		</Unit>
		<Unit filename="/home/bkessler/Repositories/hatschet/src/HatScheT/Graph.cpp">
			<Option target="hatschet"/>
		</Unit>
		<Unit filename="/home/bkessler/Repositories/hatschet/src/HatScheT/Graph.h">
			<Option target="hatschet"/>
		</Unit>
		<Unit filename="/home/bkessler/Repositories/hatschet/src/HatScheT/ResourceModel.cpp">
			<Option target="hatschet"/>
		</Unit>
		<Unit filename="/home/bkessler/Repositories/hatschet/src/HatScheT/ResourceModel.h">
			<Option target="hatschet"/>
		</Unit>
		<Unit filename="/home/bkessler/Repositories/hatschet/src/HatScheT/TargetModel.cpp">
			<Option target="hatschet"/>
		</Unit>
		<Unit filename="/home/bkessler/Repositories/hatschet/src/HatScheT/TargetModel.h">
			<Option target="hatschet"/>
		</Unit>
		<Unit filename="/home/bkessler/Repositories/hatschet/src/HatScheT/Vertex.cpp">
			<Option target="hatschet"/>
		</Unit>
		<Unit filename="/home/bkessler/Repositories/hatschet/src/HatScheT/Vertex.h">
			<Option target="hatschet"/>
		</Unit>
		<Unit filename="/home/bkessler/Repositories/hatschet/src/HatScheT/base/ILPSchedulerBase.cpp">
			<Option target="hatschet"/>
		</Unit>
		<Unit filename="/home/bkessler/Repositories/hatschet/src/HatScheT/base/ILPSchedulerBase.h">
			<Option target="hatschet"/>
		</Unit>
		<Unit filename="/home/bkessler/Repositories/hatschet/src/HatScheT/base/IterativeSchedulerBase.cpp">
			<Option target="hatschet"/>
		</Unit>
		<Unit filename="/home/bkessler/Repositories/hatschet/src/HatScheT/base/IterativeSchedulerBase.h">
			<Option target="hatschet"/>
		</Unit>
		<Unit filename="/home/bkessler/Repositories/hatschet/src/HatScheT/base/ModuloSchedulerBase.cpp">
			<Option target="hatschet"/>
		</Unit>
		<Unit filename="/home/bkessler/Repositories/hatschet/src/HatScheT/base/ModuloSchedulerBase.h">
			<Option target="hatschet"/>
		</Unit>
		<Unit filename="/home/bkessler/Repositories/hatschet/src/HatScheT/base/SchedulerBase.cpp">
			<Option target="hatschet"/>
		</Unit>
		<Unit filename="/home/bkessler/Repositories/hatschet/src/HatScheT/base/SchedulerBase.h">
			<Option target="hatschet"/>
		</Unit>
		<Unit filename="/home/bkessler/Repositories/hatschet/src/HatScheT/layers/RationalIISchedulerLayer.cpp">
			<Option target="hatschet"/>
		</Unit>
		<Unit filename="/home/bkessler/Repositories/hatschet/src/HatScheT/layers/RationalIISchedulerLayer.h">
			<Option target="hatschet"/>
		</Unit>
		<Unit filename="/home/bkessler/Repositories/hatschet/src/HatScheT/scheduler/ALAPScheduler.cpp">
			<Option target="hatschet"/>
		</Unit>
		<Unit filename="/home/bkessler/Repositories/hatschet/src/HatScheT/scheduler/ALAPScheduler.h">
			<Option target="hatschet"/>
		</Unit>
		<Unit filename="/home/bkessler/Repositories/hatschet/src/HatScheT/scheduler/ASAPScheduler.cpp">
			<Option target="hatschet"/>
		</Unit>
		<Unit filename="/home/bkessler/Repositories/hatschet/src/HatScheT/scheduler/ASAPScheduler.h">
			<Option target="hatschet"/>
		</Unit>
		<Unit filename="/home/bkessler/Repositories/hatschet/src/HatScheT/scheduler/ULScheduler.cpp">
			<Option target="hatschet"/>
		</Unit>
		<Unit filename="/home/bkessler/Repositories/hatschet/src/HatScheT/scheduler/ULScheduler.h">
			<Option target="hatschet"/>
		</Unit>
		<Unit filename="/home/bkessler/Repositories/hatschet/src/HatScheT/scheduler/dev/CombinedRationalIIScheduler.cpp">
			<Option target="hatschet"/>
		</Unit>
		<Unit filename="/home/bkessler/Repositories/hatschet/src/HatScheT/scheduler/dev/CombinedRationalIIScheduler.h">
			<Option target="hatschet"/>
		</Unit>
		<Unit filename="/home/bkessler/Repositories/hatschet/src/HatScheT/scheduler/dev/DaiZhang19Scheduler.cpp">
			<Option target="hatschet"/>
		</Unit>
		<Unit filename="/home/bkessler/Repositories/hatschet/src/HatScheT/scheduler/dev/DaiZhang19Scheduler.h">
			<Option target="hatschet"/>
		</Unit>
		<Unit filename="/home/bkessler/Repositories/hatschet/src/HatScheT/scheduler/dev/IntegerIINonRectScheduler.cpp">
			<Option target="hatschet"/>
		</Unit>
		<Unit filename="/home/bkessler/Repositories/hatschet/src/HatScheT/scheduler/dev/IntegerIINonRectScheduler.h">
			<Option target="hatschet"/>
		</Unit>
		<Unit filename="/home/bkessler/Repositories/hatschet/src/HatScheT/scheduler/dev/MinRegMultiScheduler.cpp">
			<Option target="hatschet"/>
		</Unit>
		<Unit filename="/home/bkessler/Repositories/hatschet/src/HatScheT/scheduler/dev/MinRegMultiScheduler.h">
			<Option target="hatschet"/>
		</Unit>
		<Unit filename="/home/bkessler/Repositories/hatschet/src/HatScheT/scheduler/dev/ModSDC.cpp">
			<Option target="hatschet"/>
		</Unit>
		<Unit filename="/home/bkessler/Repositories/hatschet/src/HatScheT/scheduler/dev/ModSDC.h">
			<Option target="hatschet"/>
		</Unit>
		<Unit filename="/home/bkessler/Repositories/hatschet/src/HatScheT/scheduler/dev/ModuloQScheduler.cpp">
			<Option target="hatschet"/>
		</Unit>
		<Unit filename="/home/bkessler/Repositories/hatschet/src/HatScheT/scheduler/dev/ModuloQScheduler.h">
			<Option target="hatschet"/>
		</Unit>
		<Unit filename="/home/bkessler/Repositories/hatschet/src/HatScheT/scheduler/dev/NonUniformRationalIIScheduler.cpp">
			<Option target="hatschet"/>
		</Unit>
		<Unit filename="/home/bkessler/Repositories/hatschet/src/HatScheT/scheduler/dev/NonUniformRationalIIScheduler.h">
			<Option target="hatschet"/>
		</Unit>
		<Unit filename="/home/bkessler/Repositories/hatschet/src/HatScheT/scheduler/dev/RationalIIModuloSDCScheduler.cpp">
			<Option target="hatschet"/>
		</Unit>
		<Unit filename="/home/bkessler/Repositories/hatschet/src/HatScheT/scheduler/dev/RationalIIModuloSDCScheduler.h">
			<Option target="hatschet"/>
		</Unit>
		<Unit filename="/home/bkessler/Repositories/hatschet/src/HatScheT/scheduler/dev/SATMinRegScheduler.cpp">
			<Option target="hatschet"/>
		</Unit>
		<Unit filename="/home/bkessler/Repositories/hatschet/src/HatScheT/scheduler/dev/SATMinRegScheduler.h">
			<Option target="hatschet"/>
		</Unit>
		<Unit filename="/home/bkessler/Repositories/hatschet/src/HatScheT/scheduler/dev/SATScheduler.cpp">
			<Option target="hatschet"/>
		</Unit>
		<Unit filename="/home/bkessler/Repositories/hatschet/src/HatScheT/scheduler/dev/SATScheduler.h">
			<Option target="hatschet"/>
		</Unit>
		<Unit filename="/home/bkessler/Repositories/hatschet/src/HatScheT/scheduler/dev/SCCQScheduler.cpp">
			<Option target="hatschet"/>
		</Unit>
		<Unit filename="/home/bkessler/Repositories/hatschet/src/HatScheT/scheduler/dev/SCCQScheduler.h">
			<Option target="hatschet"/>
		</Unit>
		<Unit filename="/home/bkessler/Repositories/hatschet/src/HatScheT/scheduler/dev/SDSScheduler.cpp">
			<Option target="hatschet"/>
		</Unit>
		<Unit filename="/home/bkessler/Repositories/hatschet/src/HatScheT/scheduler/dev/SDSScheduler.h">
			<Option target="hatschet"/>
		</Unit>
		<Unit filename="/home/bkessler/Repositories/hatschet/src/HatScheT/scheduler/dev/UniformRationalIIScheduler.cpp">
			<Option target="hatschet"/>
		</Unit>
		<Unit filename="/home/bkessler/Repositories/hatschet/src/HatScheT/scheduler/dev/UniformRationalIIScheduler.h">
			<Option target="hatschet"/>
		</Unit>
		<Unit filename="/home/bkessler/Repositories/hatschet/src/HatScheT/scheduler/dev/UniformRationalIISchedulerNew.cpp">
			<Option target="hatschet"/>
		</Unit>
		<Unit filename="/home/bkessler/Repositories/hatschet/src/HatScheT/scheduler/dev/UniformRationalIISchedulerNew.h">
			<Option target="hatschet"/>
		</Unit>
		<Unit filename="/home/bkessler/Repositories/hatschet/src/HatScheT/scheduler/dev/UnrollRationalIIScheduler.cpp">
			<Option target="hatschet"/>
		</Unit>
		<Unit filename="/home/bkessler/Repositories/hatschet/src/HatScheT/scheduler/dev/UnrollRationalIIScheduler.h">
			<Option target="hatschet"/>
		</Unit>
		<Unit filename="/home/bkessler/Repositories/hatschet/src/HatScheT/scheduler/graphBased/PBScheduler.cpp">
			<Option target="hatschet"/>
		</Unit>
		<Unit filename="/home/bkessler/Repositories/hatschet/src/HatScheT/scheduler/graphBased/PBScheduler.h">
			<Option target="hatschet"/>
		</Unit>
		<Unit filename="/home/bkessler/Repositories/hatschet/src/HatScheT/scheduler/graphBased/SGMScheduler.cpp">
			<Option target="hatschet"/>
		</Unit>
		<Unit filename="/home/bkessler/Repositories/hatschet/src/HatScheT/scheduler/graphBased/SGMScheduler.h">
			<Option target="hatschet"/>
		</Unit>
		<Unit filename="/home/bkessler/Repositories/hatschet/src/HatScheT/scheduler/ilpbased/ASAPILPScheduler.cpp">
			<Option target="hatschet"/>
		</Unit>
		<Unit filename="/home/bkessler/Repositories/hatschet/src/HatScheT/scheduler/ilpbased/ASAPILPScheduler.h">
			<Option target="hatschet"/>
		</Unit>
		<Unit filename="/home/bkessler/Repositories/hatschet/src/HatScheT/scheduler/ilpbased/EichenbergerDavidson97Scheduler.cpp">
			<Option target="hatschet"/>
		</Unit>
		<Unit filename="/home/bkessler/Repositories/hatschet/src/HatScheT/scheduler/ilpbased/EichenbergerDavidson97Scheduler.h">
			<Option target="hatschet"/>
		</Unit>
		<Unit filename="/home/bkessler/Repositories/hatschet/src/HatScheT/scheduler/ilpbased/ModuloSDCScheduler.cpp">
			<Option target="hatschet"/>
		</Unit>
		<Unit filename="/home/bkessler/Repositories/hatschet/src/HatScheT/scheduler/ilpbased/ModuloSDCScheduler.h">
			<Option target="hatschet"/>
		</Unit>
		<Unit filename="/home/bkessler/Repositories/hatschet/src/HatScheT/scheduler/ilpbased/MoovacMinRegScheduler.cpp">
			<Option target="hatschet"/>
		</Unit>
		<Unit filename="/home/bkessler/Repositories/hatschet/src/HatScheT/scheduler/ilpbased/MoovacMinRegScheduler.h">
			<Option target="hatschet"/>
		</Unit>
		<Unit filename="/home/bkessler/Repositories/hatschet/src/HatScheT/scheduler/ilpbased/MoovacResAwScheduler.cpp">
			<Option target="hatschet"/>
		</Unit>
		<Unit filename="/home/bkessler/Repositories/hatschet/src/HatScheT/scheduler/ilpbased/MoovacResAwScheduler.h">
			<Option target="hatschet"/>
		</Unit>
		<Unit filename="/home/bkessler/Repositories/hatschet/src/HatScheT/scheduler/ilpbased/MoovacScheduler.cpp">
			<Option target="hatschet"/>
		</Unit>
		<Unit filename="/home/bkessler/Repositories/hatschet/src/HatScheT/scheduler/ilpbased/MoovacScheduler.h">
			<Option target="hatschet"/>
		</Unit>
		<Unit filename="/home/bkessler/Repositories/hatschet/src/HatScheT/scheduler/ilpbased/RationalIIScheduler.cpp">
			<Option target="hatschet"/>
		</Unit>
		<Unit filename="/home/bkessler/Repositories/hatschet/src/HatScheT/scheduler/ilpbased/RationalIIScheduler.h">
			<Option target="hatschet"/>
		</Unit>
		<Unit filename="/home/bkessler/Repositories/hatschet/src/HatScheT/scheduler/ilpbased/RationalIISchedulerFimmel.cpp">
			<Option target="hatschet"/>
		</Unit>
		<Unit filename="/home/bkessler/Repositories/hatschet/src/HatScheT/scheduler/ilpbased/RationalIISchedulerFimmel.h">
			<Option target="hatschet"/>
		</Unit>
		<Unit filename="/home/bkessler/Repositories/hatschet/src/HatScheT/scheduler/ilpbased/SuchaHanzalek11ResAwScheduler.cpp">
			<Option target="hatschet"/>
		</Unit>
		<Unit filename="/home/bkessler/Repositories/hatschet/src/HatScheT/scheduler/ilpbased/SuchaHanzalek11ResAwScheduler.h">
			<Option target="hatschet"/>
		</Unit>
		<Unit filename="/home/bkessler/Repositories/hatschet/src/HatScheT/scheduler/ilpbased/SuchaHanzalek11Scheduler.cpp">
			<Option target="hatschet"/>
		</Unit>
		<Unit filename="/home/bkessler/Repositories/hatschet/src/HatScheT/scheduler/ilpbased/SuchaHanzalek11Scheduler.h">
			<Option target="hatschet"/>
		</Unit>
		<Unit filename="/home/bkessler/Repositories/hatschet/src/HatScheT/utility/Binding.cpp">
			<Option target="hatschet"/>
		</Unit>
		<Unit filename="/home/bkessler/Repositories/hatschet/src/HatScheT/utility/Binding.h">
			<Option target="hatschet"/>
		</Unit>
		<Unit filename="/home/bkessler/Repositories/hatschet/src/HatScheT/utility/BindingBase.cpp">
			<Option target="hatschet"/>
		</Unit>
		<Unit filename="/home/bkessler/Repositories/hatschet/src/HatScheT/utility/BindingBase.h">
			<Option target="hatschet"/>
		</Unit>
		<Unit filename="/home/bkessler/Repositories/hatschet/src/HatScheT/utility/Exception.cpp">
			<Option target="hatschet"/>
		</Unit>
		<Unit filename="/home/bkessler/Repositories/hatschet/src/HatScheT/utility/Exception.h">
			<Option target="hatschet"/>
		</Unit>
		<Unit filename="/home/bkessler/Repositories/hatschet/src/HatScheT/utility/FibonacciHeap.h">
			<Option target="hatschet"/>
		</Unit>
		<Unit filename="/home/bkessler/Repositories/hatschet/src/HatScheT/utility/OptimalIntegerIIBinding.cpp">
			<Option target="hatschet"/>
		</Unit>
		<Unit filename="/home/bkessler/Repositories/hatschet/src/HatScheT/utility/OptimalIntegerIIBinding.h">
			<Option target="hatschet"/>
		</Unit>
		<Unit filename="/home/bkessler/Repositories/hatschet/src/HatScheT/utility/OptimalIntegerIIBindingCong.cpp">
			<Option target="hatschet"/>
		</Unit>
		<Unit filename="/home/bkessler/Repositories/hatschet/src/HatScheT/utility/OptimalIntegerIIBindingCong.h">
			<Option target="hatschet"/>
		</Unit>
		<Unit filename="/home/bkessler/Repositories/hatschet/src/HatScheT/utility/OptimalIntegerIIGeneralizedBinding.cpp">
			<Option target="hatschet"/>
		</Unit>
		<Unit filename="/home/bkessler/Repositories/hatschet/src/HatScheT/utility/OptimalIntegerIIGeneralizedBinding.h">
			<Option target="hatschet"/>
		</Unit>
		<Unit filename="/home/bkessler/Repositories/hatschet/src/HatScheT/utility/SDCSolver.cpp">
			<Option target="hatschet"/>
		</Unit>
		<Unit filename="/home/bkessler/Repositories/hatschet/src/HatScheT/utility/SDCSolver.h">
			<Option target="hatschet"/>
		</Unit>
		<Unit filename="/home/bkessler/Repositories/hatschet/src/HatScheT/utility/Tests.cpp">
			<Option target="hatschet"/>
		</Unit>
		<Unit filename="/home/bkessler/Repositories/hatschet/src/HatScheT/utility/Tests.h">
			<Option target="hatschet"/>
		</Unit>
		<Unit filename="/home/bkessler/Repositories/hatschet/src/HatScheT/utility/TreeBind.cpp">
			<Option target="hatschet"/>
		</Unit>
		<Unit filename="/home/bkessler/Repositories/hatschet/src/HatScheT/utility/TreeBind.h">
			<Option target="hatschet"/>
		</Unit>
		<Unit filename="/home/bkessler/Repositories/hatschet/src/HatScheT/utility/Utility.cpp">
			<Option target="hatschet"/>
		</Unit>
		<Unit filename="/home/bkessler/Repositories/hatschet/src/HatScheT/utility/Utility.h">
			<Option target="hatschet"/>
		</Unit>
		<Unit filename="/home/bkessler/Repositories/hatschet/src/HatScheT/utility/Verifier.cpp">
			<Option target="hatschet"/>
		</Unit>
		<Unit filename="/home/bkessler/Repositories/hatschet/src/HatScheT/utility/Verifier.h">
			<Option target="hatschet"/>
		</Unit>
		<Unit filename="/home/bkessler/Repositories/hatschet/src/HatScheT/utility/reader/GraphMLGraphReader.cpp">
			<Option target="hatschet"/>
		</Unit>
		<Unit filename="/home/bkessler/Repositories/hatschet/src/HatScheT/utility/reader/GraphMLGraphReader.h">
			<Option target="hatschet"/>
		</Unit>
		<Unit filename="/home/bkessler/Repositories/hatschet/src/HatScheT/utility/reader/Reader.cpp">
			<Option target="hatschet"/>
		</Unit>
		<Unit filename="/home/bkessler/Repositories/hatschet/src/HatScheT/utility/reader/Reader.h">
			<Option target="hatschet"/>
		</Unit>
		<Unit filename="/home/bkessler/Repositories/hatschet/src/HatScheT/utility/reader/ScheduleAndBindingReader.cpp">
			<Option target="hatschet"/>
		</Unit>
		<Unit filename="/home/bkessler/Repositories/hatschet/src/HatScheT/utility/reader/ScheduleAndBindingReader.h">
			<Option target="hatschet"/>
		</Unit>
		<Unit filename="/home/bkessler/Repositories/hatschet/src/HatScheT/utility/reader/XMLResourceReader.cpp">
			<Option target="hatschet"/>
		</Unit>
		<Unit filename="/home/bkessler/Repositories/hatschet/src/HatScheT/utility/reader/XMLResourceReader.h">
			<Option target="hatschet"/>
		</Unit>
		<Unit filename="/home/bkessler/Repositories/hatschet/src/HatScheT/utility/reader/XMLTargetReader.cpp">
			<Option target="hatschet"/>
		</Unit>
		<Unit filename="/home/bkessler/Repositories/hatschet/src/HatScheT/utility/reader/XMLTargetReader.h">
			<Option target="hatschet"/>
		</Unit>
		<Unit filename="/home/bkessler/Repositories/hatschet/src/HatScheT/utility/subgraphs/KosarajuSCC.cpp">
			<Option target="hatschet"/>
		</Unit>
		<Unit filename="/home/bkessler/Repositories/hatschet/src/HatScheT/utility/subgraphs/KosarajuSCC.h">
			<Option target="hatschet"/>
		</Unit>
		<Unit filename="/home/bkessler/Repositories/hatschet/src/HatScheT/utility/subgraphs/Occurrence.cpp">
			<Option target="hatschet"/>
		</Unit>
		<Unit filename="/home/bkessler/Repositories/hatschet/src/HatScheT/utility/subgraphs/Occurrence.h">
			<Option target="hatschet"/>
		</Unit>
		<Unit filename="/home/bkessler/Repositories/hatschet/src/HatScheT/utility/subgraphs/OccurrenceSet.cpp">
			<Option target="hatschet"/>
		</Unit>
		<Unit filename="/home/bkessler/Repositories/hatschet/src/HatScheT/utility/subgraphs/OccurrenceSet.h">
			<Option target="hatschet"/>
		</Unit>
		<Unit filename="/home/bkessler/Repositories/hatschet/src/HatScheT/utility/subgraphs/OccurrenceSetCombination.cpp">
			<Option target="hatschet"/>
		</Unit>
		<Unit filename="/home/bkessler/Repositories/hatschet/src/HatScheT/utility/subgraphs/OccurrenceSetCombination.h">
			<Option target="hatschet"/>
		</Unit>
		<Unit filename="/home/bkessler/Repositories/hatschet/src/HatScheT/utility/subgraphs/SCC.cpp">
			<Option target="hatschet"/>
		</Unit>
		<Unit filename="/home/bkessler/Repositories/hatschet/src/HatScheT/utility/subgraphs/SCC.h">
			<Option target="hatschet"/>
		</Unit>
		<Unit filename="/home/bkessler/Repositories/hatschet/src/HatScheT/utility/writer/DGLWriter.cpp">
			<Option target="hatschet"/>
		</Unit>
		<Unit filename="/home/bkessler/Repositories/hatschet/src/HatScheT/utility/writer/DGLWriter.h">
			<Option target="hatschet"/>
		</Unit>
		<Unit filename="/home/bkessler/Repositories/hatschet/src/HatScheT/utility/writer/DotWriter.cpp">
			<Option target="hatschet"/>
		</Unit>
		<Unit filename="/home/bkessler/Repositories/hatschet/src/HatScheT/utility/writer/DotWriter.h">
			<Option target="hatschet"/>
		</Unit>
		<Unit filename="/home/bkessler/Repositories/hatschet/src/HatScheT/utility/writer/GraphMLGraphWriter.cpp">
			<Option target="hatschet"/>
		</Unit>
		<Unit filename="/home/bkessler/Repositories/hatschet/src/HatScheT/utility/writer/GraphMLGraphWriter.h">
			<Option target="hatschet"/>
		</Unit>
		<Unit filename="/home/bkessler/Repositories/hatschet/src/HatScheT/utility/writer/ScheduleAndBindingWriter.cpp">
			<Option target="hatschet"/>
		</Unit>
		<Unit filename="/home/bkessler/Repositories/hatschet/src/HatScheT/utility/writer/ScheduleAndBindingWriter.h">
			<Option target="hatschet"/>
		</Unit>
		<Unit filename="/home/bkessler/Repositories/hatschet/src/HatScheT/utility/writer/Writer.cpp">
			<Option target="hatschet"/>
		</Unit>
		<Unit filename="/home/bkessler/Repositories/hatschet/src/HatScheT/utility/writer/Writer.h">
			<Option target="hatschet"/>
		</Unit>
		<Unit filename="/home/bkessler/Repositories/hatschet/src/HatScheT/utility/writer/XMLResourceWriter.cpp">
			<Option target="hatschet"/>
		</Unit>
		<Unit filename="/home/bkessler/Repositories/hatschet/src/HatScheT/utility/writer/XMLResourceWriter.h">
			<Option target="hatschet"/>
		</Unit>
		<Unit filename="/home/bkessler/Repositories/hatschet/src/hatschet.cpp">
			<Option target="hatschet-bin"/>
		</Unit>
		<Unit filename="/home/bkessler/Repositories/hatschet/CMakeLists.txt">
			<Option virtualFolder="CMake Files\"/>
		</Unit>
		<Unit filename="/home/bkessler/Repositories/hatschet/HaTScheTConfig.cmake.in">
			<Option virtualFolder="CMake Files\"/>
		</Unit>
		<Unit filename="/home/bkessler/Repositories/hatschet/../z3_install/usr/local/lib64/cmake/z3/Z3Config.cmake">
			<Option virtualFolder="CMake Files\..\z3_install\usr\local\lib64\cmake\z3\"/>
		</Unit>
		<Unit filename="/home/bkessler/Repositories/hatschet/../z3_install/usr/local/lib64/cmake/z3/Z3ConfigVersion.cmake">
			<Option virtualFolder="CMake Files\..\z3_install\usr\local\lib64\cmake\z3\"/>
		</Unit>
		<Unit filename="/home/bkessler/Repositories/hatschet/../z3_install/usr/local/lib64/cmake/z3/Z3Targets-relwithdebinfo.cmake">
			<Option virtualFolder="CMake Files\..\z3_install\usr\local\lib64\cmake\z3\"/>
		</Unit>
		<Unit filename="/home/bkessler/Repositories/hatschet/../z3_install/usr/local/lib64/cmake/z3/Z3Targets.cmake">
			<Option virtualFolder="CMake Files\..\z3_install\usr\local\lib64\cmake\z3\"/>
		</Unit>
	</Project>
</CodeBlocks_project_file>
